
Microsoft Visual Studio Solution File, Format Version 11.00
# Visual Studio 2010
Project("{8BC9CEB8-8B4A-11D0-8D11-00A0C91BC942}") = "KinectSkyDiving", "KinectSkyDiving\KinectSkyDiving.vcxproj", "{71742715-F6B1-4AB6-B3ED-E320F0462744}"
EndProject
Project("{8BC9CEB8-8B4A-11D0-8D11-00A0C91BC942}") = "GalaxyEngine", "GalaxyEngine\GalaxyEngine.vcxproj", "{E933D087-4FD9-452A-860E-572F979038DF}"
EndProject
Global
	GlobalSection(SolutionConfigurationPlatforms) = preSolution
		Debug|Win32 = Debug|Win32
		Release|Win32 = Release|Win32
	EndGlobalSection
	GlobalSection(ProjectConfigurationPlatforms) = postSolution
		{71742715-F6B1-4AB6-B3ED-E320F0462744}.Debug|Win32.ActiveCfg = Debug|Win32
		{71742715-F6B1-4AB6-B3ED-E320F0462744}.Debug|Win32.Build.0 = Debug|Win32
		{71742715-F6B1-4AB6-B3ED-E320F0462744}.Release|Win32.ActiveCfg = Release|Win32
		{71742715-F6B1-4AB6-B3ED-E320F0462744}.Release|Win32.Build.0 = Release|Win32
		{E933D087-4FD9-452A-860E-572F979038DF}.Debug|Win32.ActiveCfg = Debug|Win32
		{E933D087-4FD9-452A-860E-572F979038DF}.Debug|Win32.Build.0 = Debug|Win32
		{E933D087-4FD9-452A-860E-572F979038DF}.Release|Win32.ActiveCfg = Release|Win32
		{E933D087-4FD9-452A-860E-572F979038DF}.Release|Win32.Build.0 = Release|Win32
	EndGlobalSection
	GlobalSection(SolutionProperties) = preSolution
		HideSolutionNode = FALSE
	EndGlobalSection
EndGlobal
