<?xml version="1.0" encoding="utf-8"?>
<Project ToolsVersion="4.0" xmlns="http://schemas.microsoft.com/developer/msbuild/2003">
  <ItemGroup>
    <ClCompile Include="src\AnimationBlender.cpp">
      <Filter>Source Files</Filter>
    </ClCompile>
    <ClCompile Include="src\BaseApplication.cpp">
      <Filter>Source Files</Filter>
    </ClCompile>
    <ClCompile Include="src\Character.cpp">
      <Filter>Source Files</Filter>
    </ClCompile>
    <ClCompile Include="src\CollisionDetector.cpp">
      <Filter>Source Files</Filter>
    </ClCompile>
    <ClCompile Include="src\DotSceneLoader.cpp">
      <Filter>Source Files</Filter>
    </ClCompile>
    <ClCompile Include="src\GameSystem.cpp">
      <Filter>Source Files</Filter>
    </ClCompile>
    <ClCompile Include="src\ParticleManager.cpp">
      <Filter>Source Files</Filter>
    </ClCompile>
    <ClCompile Include="src\OgreKinect.cpp">
      <Filter>Source Files</Filter>
    </ClCompile>
    <ClCompile Include="src\PPSoundManager.cpp">
      <Filter>Source Files</Filter>
    </ClCompile>
    <ClCompile Include="src\RayCastCollision.cpp">
      <Filter>Source Files</Filter>
    </ClCompile>
    <ClCompile Include="src\SimpleCloud.cpp">
      <Filter>Source Files</Filter>
    </ClCompile>
    <ClCompile Include="src\TargetCircles.cpp">
      <Filter>Source Files</Filter>
    </ClCompile>
    <ClCompile Include="src\App.cpp">
      <Filter>Source Files</Filter>
    </ClCompile>
    <ClCompile Include="src\FSM.cpp">
      <Filter>Source Files</Filter>
    </ClCompile>
    <ClCompile Include="src\GGBird.cpp">
      <Filter>Source Files</Filter>
    </ClCompile>
    <ClCompile Include="src\Main.cpp">
      <Filter>Source Files</Filter>
    </ClCompile>
    <ClCompile Include="src\PoseDetect.cpp">
      <Filter>Source Files</Filter>
    </ClCompile>
    <ClCompile Include="src\Atmosphere.cpp">
      <Filter>Source Files\GalaxyEngine</Filter>
    </ClCompile>
    <ClCompile Include="src\ConfigScript.cpp">
      <Filter>Source Files\GalaxyEngine</Filter>
    </ClCompile>
    <ClCompile Include="src\Core.cpp">
      <Filter>Source Files\GalaxyEngine</Filter>
    </ClCompile>
    <ClCompile Include="src\Exception.cpp">
      <Filter>Source Files\GalaxyEngine</Filter>
    </ClCompile>
    <ClCompile Include="src\Planet.cpp">
      <Filter>Source Files\GalaxyEngine</Filter>
    </ClCompile>
    <ClCompile Include="src\PlanetLoader_Hybrid.cpp">
      <Filter>Source Files\GalaxyEngine</Filter>
    </ClCompile>
    <ClCompile Include="src\PlanetMath.cpp">
      <Filter>Source Files\GalaxyEngine</Filter>
    </ClCompile>
    <ClCompile Include="src\PlanetObjects.cpp">
      <Filter>Source Files\GalaxyEngine</Filter>
    </ClCompile>
    <ClCompile Include="src\SimplePlanet.cpp">
      <Filter>Source Files\GalaxyEngine</Filter>
    </ClCompile>
    <ClCompile Include="src\SpaceBackdrop.cpp">
      <Filter>Source Files\GalaxyEngine</Filter>
    </ClCompile>
    <ClCompile Include="src\SpritePlanet.cpp">
      <Filter>Source Files\GalaxyEngine</Filter>
    </ClCompile>
    <ClCompile Include="src\Star.cpp">
      <Filter>Source Files\GalaxyEngine</Filter>
    </ClCompile>
    <ClCompile Include="src\Universe.cpp">
      <Filter>Source Files\GalaxyEngine</Filter>
    </ClCompile>
    <ClCompile Include="src\Utility.cpp">
      <Filter>Source Files\GalaxyEngine</Filter>
    </ClCompile>
    <ClCompile Include="src\CameraListener.cpp">
      <Filter>Source Files\Camera</Filter>
    </ClCompile>
    <ClCompile Include="src\ThirdPersonCamera.cpp">
      <Filter>Source Files\Camera</Filter>
    </ClCompile>
  </ItemGroup>
  <ItemGroup>
    <ClInclude Include="include\AnimationBlender.h">
      <Filter>Header Files</Filter>
    </ClInclude>
    <ClInclude Include="include\BaseApplication.h">
      <Filter>Header Files</Filter>
    </ClInclude>
    <ClInclude Include="include\Character.h">
      <Filter>Header Files</Filter>
    </ClInclude>
    <ClInclude Include="include\CollisionDetector.h">
      <Filter>Header Files</Filter>
    </ClInclude>
    <ClInclude Include="include\DotSceneLoader.h">
      <Filter>Header Files</Filter>
    </ClInclude>
    <ClInclude Include="include\GameSystem.h">
      <Filter>Header Files</Filter>
    </ClInclude>
    <ClInclude Include="include\OgreKinect.h">
      <Filter>Header Files</Filter>
    </ClInclude>
    <ClInclude Include="include\ParticleManager.h">
      <Filter>Header Files</Filter>
    </ClInclude>
    <ClInclude Include="include\PoseDetect.h">
      <Filter>Header Files</Filter>
    </ClInclude>
    <ClInclude Include="include\PPSoundManager.h">
      <Filter>Header Files</Filter>
    </ClInclude>
    <ClInclude Include="include\RayCastCollision.h">
      <Filter>Header Files</Filter>
    </ClInclude>
    <ClInclude Include="res\Resource.h">
      <Filter>Header Files</Filter>
    </ClInclude>
    <ClInclude Include="include\SimpleCloud.h">
      <Filter>Header Files</Filter>
    </ClInclude>
    <ClInclude Include="include\Stdafx.h">
      <Filter>Header Files</Filter>
    </ClInclude>
    <ClInclude Include="include\TargetCircles.h">
      <Filter>Header Files</Filter>
    </ClInclude>
    <ClInclude Include="include\Utility.h">
      <Filter>Header Files</Filter>
    </ClInclude>
    <ClInclude Include="include\App.h">
      <Filter>Header Files</Filter>
    </ClInclude>
    <ClInclude Include="include\QueryFlags.h">
      <Filter>Header Files</Filter>
    </ClInclude>
    <ClInclude Include="include\GGBird.h">
      <Filter>Header Files</Filter>
    </ClInclude>
    <ClInclude Include="include\FSM.h">
      <Filter>Header Files</Filter>
    </ClInclude>
    <ClInclude Include="include\Atmosphere.h">
      <Filter>Header Files\GalaxyEngine</Filter>
    </ClInclude>
    <ClInclude Include="include\ConfigScript.h">
      <Filter>Header Files\GalaxyEngine</Filter>
    </ClInclude>
    <ClInclude Include="include\Core.h">
      <Filter>Header Files\GalaxyEngine</Filter>
    </ClInclude>
    <ClInclude Include="include\DVector3.h">
      <Filter>Header Files\GalaxyEngine</Filter>
    </ClInclude>
    <ClInclude Include="include\Exception.h">
      <Filter>Header Files\GalaxyEngine</Filter>
    </ClInclude>
    <ClInclude Include="include\FreeImage.h">
      <Filter>Header Files\GalaxyEngine</Filter>
    </ClInclude>
    <ClInclude Include="include\PlanetLoader_Hybrid.h">
      <Filter>Header Files\GalaxyEngine</Filter>
    </ClInclude>
    <ClInclude Include="include\PlanetMath.h">
      <Filter>Header Files\GalaxyEngine</Filter>
    </ClInclude>
    <ClInclude Include="include\PlanetObjects.h">
      <Filter>Header Files\GalaxyEngine</Filter>
    </ClInclude>
    <ClInclude Include="include\SimplePlanet.h">
      <Filter>Header Files\GalaxyEngine</Filter>
    </ClInclude>
    <ClInclude Include="include\SpaceBackdrop.h">
      <Filter>Header Files\GalaxyEngine</Filter>
    </ClInclude>
    <ClInclude Include="include\SpritePlanet.h">
      <Filter>Header Files\GalaxyEngine</Filter>
    </ClInclude>
    <ClInclude Include="include\Universe.h">
      <Filter>Header Files\GalaxyEngine</Filter>
    </ClInclude>
    <ClInclude Include="include\LoadingAnimation.h">
      <Filter>Header Files\UI</Filter>
    </ClInclude>
    <ClInclude Include="include\Star.h">
      <Filter>Header Files\GalaxyEngine</Filter>
    </ClInclude>
    <ClInclude Include="include\Planet.h">
      <Filter>Header Files\GalaxyEngine</Filter>
    </ClInclude>
    <ClInclude Include="include\ThirdPersonCamera.h">
      <Filter>Header Files\Camera</Filter>
    </ClInclude>
    <ClInclude Include="include\CameraListener.h">
      <Filter>Header Files\Camera</Filter>
    </ClInclude>
  </ItemGroup>
  <ItemGroup>
    <None Include="media\materials\programs\Atmosphere.cg">
      <Filter>Shaders</Filter>
    </None>
    <None Include="media\materials\programs\Defs.program">
      <Filter>Shaders</Filter>
    </None>
    <None Include="media\materials\programs\Planet_highResNormals.cg">
      <Filter>Shaders</Filter>
    </None>
    <None Include="media\materials\programs\SimplePlanet.cg">
      <Filter>Shaders</Filter>
    </None>
    <None Include="media\materials\programs\SpritePlanet.cg">
      <Filter>Shaders</Filter>
    </None>
    <None Include="media\materials\programs\Star.cg">
      <Filter>Shaders</Filter>
    </None>
    <None Include="media\materials\programs\Planet.cg">
      <Filter>Shaders</Filter>
    </None>
    <None Include="media\universe.object">
      <Filter>Planet Config</Filter>
    </None>
    <None Include="media\universe\planet.object">
      <Filter>Planet Config</Filter>
    </None>
    <None Include="res\GalaxyEngine.ico">
      <Filter>Resource Files</Filter>
    </None>
  </ItemGroup>
  <ItemGroup>
    <Filter Include="Header Files">
      <UniqueIdentifier>{d32030d1-85f2-4439-800e-0011522498e5}</UniqueIdentifier>
    </Filter>
    <Filter Include="Source Files">
      <UniqueIdentifier>{9cd19d70-13c5-42c5-88e9-97b6fe5e989b}</UniqueIdentifier>
    </Filter>
    <Filter Include="Shaders">
      <UniqueIdentifier>{612a5081-3f99-4f10-bc81-0d8e9cb12512}</UniqueIdentifier>
    </Filter>
    <Filter Include="Planet Config">
      <UniqueIdentifier>{bc292431-4816-4aab-b5d1-2c1092bf8928}</UniqueIdentifier>
    </Filter>
    <Filter Include="Resource Files">
      <UniqueIdentifier>{72ccbf9f-9364-4fea-871e-052d19d7a743}</UniqueIdentifier>
    </Filter>
    <Filter Include="Header Files\GalaxyEngine">
      <UniqueIdentifier>{0fb71823-d397-4d6b-95ca-9a7c50087b67}</UniqueIdentifier>
    </Filter>
    <Filter Include="Header Files\UI">
      <UniqueIdentifier>{b1241c46-866b-4dd5-9b10-1ac0086c8d5e}</UniqueIdentifier>
    </Filter>
    <Filter Include="Header Files\Camera">
      <UniqueIdentifier>{4c2c2eb0-b7c7-43a2-bb4f-36a03eab4fca}</UniqueIdentifier>
    </Filter>
    <Filter Include="Source Files\GalaxyEngine">
      <UniqueIdentifier>{5bf17eee-726d-4628-bb17-1689141788a8}</UniqueIdentifier>
    </Filter>
    <Filter Include="Source Files\Camera">
      <UniqueIdentifier>{5d710141-b019-4bb7-8b9b-9b0b51ec1f15}</UniqueIdentifier>
    </Filter>
  </ItemGroup>
  <ItemGroup>
    <ResourceCompile Include="res\GalaxyEngine.rc">
      <Filter>Resource Files</Filter>
    </ResourceCompile>
  </ItemGroup>
</Project>