<?xml version="1.0" encoding="utf-8"?>
<Project ToolsVersion="4.0" xmlns="http://schemas.microsoft.com/developer/msbuild/2003">
  <ItemGroup>
    <ClCompile Include="src\App.cpp">
      <Filter>Source Files</Filter>
    </ClCompile>
    <ClCompile Include="src\BaseApplication.cpp">
      <Filter>Source Files</Filter>
    </ClCompile>
    <ClCompile Include="src\Atmosphere.cpp">
      <Filter>Source Files\GalaxyEngine</Filter>
    </ClCompile>
    <ClCompile Include="src\ConfigScript.cpp">
      <Filter>Source Files\GalaxyEngine</Filter>
    </ClCompile>
    <ClCompile Include="src\Core.cpp">
      <Filter>Source Files\GalaxyEngine</Filter>
    </ClCompile>
    <ClCompile Include="src\Exception.cpp">
      <Filter>Source Files\GalaxyEngine</Filter>
    </ClCompile>
    <ClCompile Include="src\Planet.cpp">
      <Filter>Source Files\GalaxyEngine</Filter>
    </ClCompile>
    <ClCompile Include="src\PlanetLoader_Hybrid.cpp">
      <Filter>Source Files\GalaxyEngine</Filter>
    </ClCompile>
    <ClCompile Include="src\PlanetMath.cpp">
      <Filter>Source Files\GalaxyEngine</Filter>
    </ClCompile>
    <ClCompile Include="src\SimplePlanet.cpp">
      <Filter>Source Files\GalaxyEngine</Filter>
    </ClCompile>
    <ClCompile Include="src\SpaceBackdrop.cpp">
      <Filter>Source Files\GalaxyEngine</Filter>
    </ClCompile>
    <ClCompile Include="src\SpritePlanet.cpp">
      <Filter>Source Files\GalaxyEngine</Filter>
    </ClCompile>
    <ClCompile Include="src\Star.cpp">
      <Filter>Source Files\GalaxyEngine</Filter>
    </ClCompile>
    <ClCompile Include="src\Universe.cpp">
      <Filter>Source Files\GalaxyEngine</Filter>
    </ClCompile>
    <ClCompile Include="src\Utility.cpp">
      <Filter>Source Files\GalaxyEngine</Filter>
    </ClCompile>
    <ClCompile Include="src\RayCastCollision.cpp">
      <Filter>Source Files</Filter>
    </ClCompile>
    <ClCompile Include="src\Main.cpp">
      <Filter>Source Files</Filter>
    </ClCompile>
    <ClCompile Include="src\Character.cpp">
      <Filter>Source Files</Filter>
    </ClCompile>
    <ClCompile Include="src\GameSystem.cpp">
      <Filter>Source Files</Filter>
    </ClCompile>
    <ClCompile Include="src\ThirdPersonCamera.cpp">
      <Filter>Source Files\Camera</Filter>
    </ClCompile>
    <ClCompile Include="src\CameraListener.cpp">
      <Filter>Source Files\Camera</Filter>
    </ClCompile>
    <ClCompile Include="src\SimpleCloud.cpp">
      <Filter>Source Files</Filter>
    </ClCompile>
    <ClCompile Include="src\PlanetObjects.cpp">
      <Filter>Source Files</Filter>
    </ClCompile>
    <ClCompile Include="src\DotSceneLoader.cpp">
      <Filter>Source Files</Filter>
    </ClCompile>
    <ClCompile Include="src\TargetCircles.cpp">
      <Filter>Source Files</Filter>
    </ClCompile>
  </ItemGroup>
  <ItemGroup>
    <ClInclude Include="include\App.h">
      <Filter>Header Files</Filter>
    </ClInclude>
    <ClInclude Include="include\BaseApplication.h">
      <Filter>Header Files</Filter>
    </ClInclude>
    <ClInclude Include="include\Atmosphere.h">
      <Filter>Header Files\GalaxyEngine</Filter>
    </ClInclude>
    <ClInclude Include="include\ConfigScript.h">
      <Filter>Header Files\GalaxyEngine</Filter>
    </ClInclude>
    <ClInclude Include="include\Core.h">
      <Filter>Header Files\GalaxyEngine</Filter>
    </ClInclude>
    <ClInclude Include="include\DVector3.h">
      <Filter>Header Files\GalaxyEngine</Filter>
    </ClInclude>
    <ClInclude Include="include\Exception.h">
      <Filter>Header Files\GalaxyEngine</Filter>
    </ClInclude>
    <ClInclude Include="include\FreeImage.h">
      <Filter>Header Files\GalaxyEngine</Filter>
    </ClInclude>
    <ClInclude Include="include\Planet.h">
      <Filter>Header Files\GalaxyEngine</Filter>
    </ClInclude>
    <ClInclude Include="include\PlanetLoader_Hybrid.h">
      <Filter>Header Files\GalaxyEngine</Filter>
    </ClInclude>
    <ClInclude Include="include\PlanetMath.h">
      <Filter>Header Files\GalaxyEngine</Filter>
    </ClInclude>
    <ClInclude Include="res\Resource.h">
      <Filter>Header Files\GalaxyEngine</Filter>
    </ClInclude>
    <ClInclude Include="include\SpaceBackdrop.h">
      <Filter>Header Files\GalaxyEngine</Filter>
    </ClInclude>
    <ClInclude Include="include\SpritePlanet.h">
      <Filter>Header Files\GalaxyEngine</Filter>
    </ClInclude>
    <ClInclude Include="include\Star.h">
      <Filter>Header Files\GalaxyEngine</Filter>
    </ClInclude>
    <ClInclude Include="include\Universe.h">
      <Filter>Header Files\GalaxyEngine</Filter>
    </ClInclude>
    <ClInclude Include="include\Utility.h">
      <Filter>Header Files\GalaxyEngine</Filter>
    </ClInclude>
    <ClInclude Include="include\RayCastCollision.h">
      <Filter>Header Files</Filter>
    </ClInclude>
    <ClInclude Include="include\QueryFlags.h">
      <Filter>Header Files\GalaxyEngine</Filter>
    </ClInclude>
    <ClInclude Include="include\Stdafx.h">
      <Filter>Header Files</Filter>
    </ClInclude>
    <ClInclude Include="include\SimplePlanet.h">
      <Filter>Header Files\GalaxyEngine</Filter>
    </ClInclude>
    <ClInclude Include="include\Character.h">
      <Filter>Header Files</Filter>
    </ClInclude>
    <ClInclude Include="include\GameSystem.h">
      <Filter>Header Files</Filter>
    </ClInclude>
    <ClInclude Include="include\ThirdPersonCamera.h">
      <Filter>Header Files\Camera</Filter>
    </ClInclude>
    <ClInclude Include="include\CameraListener.h">
      <Filter>Header Files\Camera</Filter>
    </ClInclude>
    <ClInclude Include="include\SimpleCloud.h">
      <Filter>Header Files</Filter>
    </ClInclude>
    <ClInclude Include="include\PlanetObjects.h">
      <Filter>Header Files</Filter>
    </ClInclude>
    <ClInclude Include="include\DotSceneLoader.h">
      <Filter>Header Files</Filter>
    </ClInclude>
    <ClInclude Include="include\TargetCircles.h">
      <Filter>Header Files</Filter>
    </ClInclude>
  </ItemGroup>
  <ItemGroup>
    <None Include="res\GalaxyEngine.ico">
      <Filter>Resource Files</Filter>
    </None>
    <None Include="media\materials\programs\Atmosphere.cg">
      <Filter>Shaders</Filter>
    </None>
    <None Include="media\materials\programs\Defs.program">
      <Filter>Shaders</Filter>
    </None>
    <None Include="media\materials\programs\Planet.cg">
      <Filter>Shaders</Filter>
    </None>
    <None Include="media\materials\programs\Planet_highResNormals.cg">
      <Filter>Shaders</Filter>
    </None>
    <None Include="media\materials\programs\SimplePlanet.cg">
      <Filter>Shaders</Filter>
    </None>
    <None Include="media\materials\programs\SpritePlanet.cg">
      <Filter>Shaders</Filter>
    </None>
    <None Include="media\materials\programs\Star.cg">
      <Filter>Shaders</Filter>
    </None>
  </ItemGroup>
  <ItemGroup>
    <Filter Include="Header Files">
      <UniqueIdentifier>{0c7f5da6-2ea4-487c-9657-b4d21e716ce6}</UniqueIdentifier>
    </Filter>
    <Filter Include="Source Files">
      <UniqueIdentifier>{4e31117d-452d-4b2e-9891-16a661014071}</UniqueIdentifier>
    </Filter>
    <Filter Include="Resource Files">
      <UniqueIdentifier>{869a2928-d2e4-44d2-83c1-0cea126776c3}</UniqueIdentifier>
    </Filter>
    <Filter Include="Header Files\GalaxyEngine">
      <UniqueIdentifier>{ed84dbf9-8b26-4964-bb79-b432937334e6}</UniqueIdentifier>
    </Filter>
    <Filter Include="Source Files\GalaxyEngine">
      <UniqueIdentifier>{aade81fd-6c09-47e0-85f2-d08fdf89cb15}</UniqueIdentifier>
    </Filter>
    <Filter Include="Shaders">
      <UniqueIdentifier>{7c2cb9c0-35cf-4f32-a83b-92bed1a5cb0d}</UniqueIdentifier>
    </Filter>
    <Filter Include="Header Files\Camera">
      <UniqueIdentifier>{9e8005ab-7bdb-47a4-af82-285911877f4e}</UniqueIdentifier>
    </Filter>
    <Filter Include="Source Files\Camera">
      <UniqueIdentifier>{6d3b1395-d66c-4c15-81f6-86b78ac4207c}</UniqueIdentifier>
    </Filter>
  </ItemGroup>
  <ItemGroup>
    <ResourceCompile Include="res\GalaxyEngine.rc">
      <Filter>Resource Files</Filter>
    </ResourceCompile>
  </ItemGroup>
</Project>